// !$*UTF8*$!
{
	archiveVersion = 1;
	classes = {
	};
	objectVersion = 50;
	objects = {

/* Begin PBXBuildFile section */
		AFE14908228B5A6B000F3253 /* AppDelegate.swift in Sources */ = {isa = PBXBuildFile; fileRef = AFE14907228B5A6B000F3253 /* AppDelegate.swift */; };
		AFE1490D228B5A6B000F3253 /* Main.storyboard in Resources */ = {isa = PBXBuildFile; fileRef = AFE1490B228B5A6B000F3253 /* Main.storyboard */; };
		AFE1490F228B5A70000F3253 /* Assets.xcassets in Resources */ = {isa = PBXBuildFile; fileRef = AFE1490E228B5A70000F3253 /* Assets.xcassets */; };
		AFE14912228B5A70000F3253 /* LaunchScreen.storyboard in Resources */ = {isa = PBXBuildFile; fileRef = AFE14910228B5A70000F3253 /* LaunchScreen.storyboard */; };
		AFE1491C228CAAA6000F3253 /* User.swift in Sources */ = {isa = PBXBuildFile; fileRef = AFE1491B228CAAA6000F3253 /* User.swift */; };
		AFE14921228CB3FF000F3253 /* CloudKit.framework in Frameworks */ = {isa = PBXBuildFile; fileRef = AFE14920228CB3FF000F3253 /* CloudKit.framework */; };
		AFE14923228CC5D9000F3253 /* UserController.swift in Sources */ = {isa = PBXBuildFile; fileRef = AFE14922228CC5D9000F3253 /* UserController.swift */; };
		AFE14926228CCCAE000F3253 /* Medication.swift in Sources */ = {isa = PBXBuildFile; fileRef = AFE14925228CCCAE000F3253 /* Medication.swift */; };
		AFE14928228CD265000F3253 /* MedicationController.swift in Sources */ = {isa = PBXBuildFile; fileRef = AFE14927228CD265000F3253 /* MedicationController.swift */; };
		AFE1492A228DD911000F3253 /* SignUpViewController.swift in Sources */ = {isa = PBXBuildFile; fileRef = AFE14929228DD911000F3253 /* SignUpViewController.swift */; };
		AFE14934228F16DD000F3253 /* NotificationService.swift in Sources */ = {isa = PBXBuildFile; fileRef = AFE14933228F16DD000F3253 /* NotificationService.swift */; };
		AFE14938228F16DD000F3253 /* NotificationService.appex in Embed App Extensions */ = {isa = PBXBuildFile; fileRef = AFE14931228F16DD000F3253 /* NotificationService.appex */; settings = {ATTRIBUTES = (RemoveHeadersOnCopy, ); }; };
		AFE14940228F4CBE000F3253 /* Alarm.swift in Sources */ = {isa = PBXBuildFile; fileRef = AFE1493F228F4CBE000F3253 /* Alarm.swift */; };
		AFE14942228F4DA2000F3253 /* PropertyReflectable.swift in Sources */ = {isa = PBXBuildFile; fileRef = AFE14941228F4DA2000F3253 /* PropertyReflectable.swift */; };
		AFE149442292F79F000F3253 /* Persistable.swift in Sources */ = {isa = PBXBuildFile; fileRef = AFE149432292F79F000F3253 /* Persistable.swift */; };
		AFE149462292F7D3000F3253 /* AlarmApplicationDelegate.swift in Sources */ = {isa = PBXBuildFile; fileRef = AFE149452292F7D3000F3253 /* AlarmApplicationDelegate.swift */; };
		AFE149482292F803000F3253 /* AlarmSchedulerDelegate.swift in Sources */ = {isa = PBXBuildFile; fileRef = AFE149472292F803000F3253 /* AlarmSchedulerDelegate.swift */; };
		AFE1494B2293138F000F3253 /* Scheduler.swift in Sources */ = {isa = PBXBuildFile; fileRef = AFE1494A2293138F000F3253 /* Scheduler.swift */; };
		AFE1494F22932214000F3253 /* AlarmController.swift in Sources */ = {isa = PBXBuildFile; fileRef = AFE1494E22932214000F3253 /* AlarmController.swift */; };
		AFE1495322934BE9000F3253 /* MedicationDetailViewController.swift in Sources */ = {isa = PBXBuildFile; fileRef = AFE1495222934BE9000F3253 /* MedicationDetailViewController.swift */; };
		AFE14955229350C2000F3253 /* SwitchTableViewCell.swift in Sources */ = {isa = PBXBuildFile; fileRef = AFE14954229350C2000F3253 /* SwitchTableViewCell.swift */; };
		AFE1495722935731000F3253 /* SetAlarmTimeViewController.swift in Sources */ = {isa = PBXBuildFile; fileRef = AFE1495622935731000F3253 /* SetAlarmTimeViewController.swift */; };
		AFE1495922949390000F3253 /* MedicationListTableViewController.swift in Sources */ = {isa = PBXBuildFile; fileRef = AFE1495822949390000F3253 /* MedicationListTableViewController.swift */; };
		AFE1495B229493D8000F3253 /* MedicationListTableViewCell.swift in Sources */ = {isa = PBXBuildFile; fileRef = AFE1495A229493D8000F3253 /* MedicationListTableViewCell.swift */; };
		E60A85E56AC9CE684A54BED7 /* Pods_PillBox.framework in Frameworks */ = {isa = PBXBuildFile; fileRef = E53861DB4B37841CDADDC0E5 /* Pods_PillBox.framework */; };
/* End PBXBuildFile section */

/* Begin PBXContainerItemProxy section */
		AFE14936228F16DD000F3253 /* PBXContainerItemProxy */ = {
			isa = PBXContainerItemProxy;
			containerPortal = AFE148FC228B5A6B000F3253 /* Project object */;
			proxyType = 1;
			remoteGlobalIDString = AFE14930228F16DD000F3253;
			remoteInfo = NotificationService;
		};
/* End PBXContainerItemProxy section */

/* Begin PBXCopyFilesBuildPhase section */
		AFE1493C228F16DD000F3253 /* Embed App Extensions */ = {
			isa = PBXCopyFilesBuildPhase;
			buildActionMask = 2147483647;
			dstPath = "";
			dstSubfolderSpec = 13;
			files = (
				AFE14938228F16DD000F3253 /* NotificationService.appex in Embed App Extensions */,
			);
			name = "Embed App Extensions";
			runOnlyForDeploymentPostprocessing = 0;
		};
/* End PBXCopyFilesBuildPhase section */

/* Begin PBXFileReference section */
		0F60CDD3425FE78F76619829 /* Pods-PillBox.debug.xcconfig */ = {isa = PBXFileReference; includeInIndex = 1; lastKnownFileType = text.xcconfig; name = "Pods-PillBox.debug.xcconfig"; path = "Target Support Files/Pods-PillBox/Pods-PillBox.debug.xcconfig"; sourceTree = "<group>"; };
		AFE14904228B5A6B000F3253 /* PillBox.app */ = {isa = PBXFileReference; explicitFileType = wrapper.application; includeInIndex = 0; path = PillBox.app; sourceTree = BUILT_PRODUCTS_DIR; };
		AFE14907228B5A6B000F3253 /* AppDelegate.swift */ = {isa = PBXFileReference; lastKnownFileType = sourcecode.swift; path = AppDelegate.swift; sourceTree = "<group>"; };
		AFE1490C228B5A6B000F3253 /* Base */ = {isa = PBXFileReference; lastKnownFileType = file.storyboard; name = Base; path = Base.lproj/Main.storyboard; sourceTree = "<group>"; };
		AFE1490E228B5A70000F3253 /* Assets.xcassets */ = {isa = PBXFileReference; lastKnownFileType = folder.assetcatalog; path = Assets.xcassets; sourceTree = "<group>"; };
		AFE14911228B5A70000F3253 /* Base */ = {isa = PBXFileReference; lastKnownFileType = file.storyboard; name = Base; path = Base.lproj/LaunchScreen.storyboard; sourceTree = "<group>"; };
		AFE14913228B5A70000F3253 /* Info.plist */ = {isa = PBXFileReference; lastKnownFileType = text.plist.xml; path = Info.plist; sourceTree = "<group>"; };
		AFE1491B228CAAA6000F3253 /* User.swift */ = {isa = PBXFileReference; lastKnownFileType = sourcecode.swift; path = User.swift; sourceTree = "<group>"; };
		AFE1491E228CB3FD000F3253 /* PillBox.entitlements */ = {isa = PBXFileReference; lastKnownFileType = text.plist.entitlements; path = PillBox.entitlements; sourceTree = "<group>"; };
		AFE14920228CB3FF000F3253 /* CloudKit.framework */ = {isa = PBXFileReference; lastKnownFileType = wrapper.framework; name = CloudKit.framework; path = System/Library/Frameworks/CloudKit.framework; sourceTree = SDKROOT; };
		AFE14922228CC5D9000F3253 /* UserController.swift */ = {isa = PBXFileReference; lastKnownFileType = sourcecode.swift; path = UserController.swift; sourceTree = "<group>"; };
		AFE14925228CCCAE000F3253 /* Medication.swift */ = {isa = PBXFileReference; lastKnownFileType = sourcecode.swift; path = Medication.swift; sourceTree = "<group>"; };
		AFE14927228CD265000F3253 /* MedicationController.swift */ = {isa = PBXFileReference; lastKnownFileType = sourcecode.swift; path = MedicationController.swift; sourceTree = "<group>"; };
		AFE14929228DD911000F3253 /* SignUpViewController.swift */ = {isa = PBXFileReference; lastKnownFileType = sourcecode.swift; path = SignUpViewController.swift; sourceTree = "<group>"; };
		AFE1492C228E000D000F3253 /* PillBox.entitlements */ = {isa = PBXFileReference; lastKnownFileType = text.plist.entitlements; path = PillBox.entitlements; sourceTree = "<group>"; };
		AFE14931228F16DD000F3253 /* NotificationService.appex */ = {isa = PBXFileReference; explicitFileType = "wrapper.app-extension"; includeInIndex = 0; path = NotificationService.appex; sourceTree = BUILT_PRODUCTS_DIR; };
		AFE14933228F16DD000F3253 /* NotificationService.swift */ = {isa = PBXFileReference; lastKnownFileType = sourcecode.swift; path = NotificationService.swift; sourceTree = "<group>"; };
		AFE14935228F16DD000F3253 /* Info.plist */ = {isa = PBXFileReference; lastKnownFileType = text.plist.xml; path = Info.plist; sourceTree = "<group>"; };
		AFE1493F228F4CBE000F3253 /* Alarm.swift */ = {isa = PBXFileReference; lastKnownFileType = sourcecode.swift; path = Alarm.swift; sourceTree = "<group>"; };
		AFE14941228F4DA2000F3253 /* PropertyReflectable.swift */ = {isa = PBXFileReference; lastKnownFileType = sourcecode.swift; path = PropertyReflectable.swift; sourceTree = "<group>"; };
		AFE149432292F79F000F3253 /* Persistable.swift */ = {isa = PBXFileReference; lastKnownFileType = sourcecode.swift; path = Persistable.swift; sourceTree = "<group>"; };
		AFE149452292F7D3000F3253 /* AlarmApplicationDelegate.swift */ = {isa = PBXFileReference; lastKnownFileType = sourcecode.swift; path = AlarmApplicationDelegate.swift; sourceTree = "<group>"; };
		AFE149472292F803000F3253 /* AlarmSchedulerDelegate.swift */ = {isa = PBXFileReference; lastKnownFileType = sourcecode.swift; path = AlarmSchedulerDelegate.swift; sourceTree = "<group>"; };
		AFE1494A2293138F000F3253 /* Scheduler.swift */ = {isa = PBXFileReference; lastKnownFileType = sourcecode.swift; path = Scheduler.swift; sourceTree = "<group>"; };
		AFE1494E22932214000F3253 /* AlarmController.swift */ = {isa = PBXFileReference; lastKnownFileType = sourcecode.swift; path = AlarmController.swift; sourceTree = "<group>"; };
		AFE1495222934BE9000F3253 /* MedicationDetailViewController.swift */ = {isa = PBXFileReference; lastKnownFileType = sourcecode.swift; path = MedicationDetailViewController.swift; sourceTree = "<group>"; };
		AFE14954229350C2000F3253 /* SwitchTableViewCell.swift */ = {isa = PBXFileReference; lastKnownFileType = sourcecode.swift; path = SwitchTableViewCell.swift; sourceTree = "<group>"; };
		AFE1495622935731000F3253 /* SetAlarmTimeViewController.swift */ = {isa = PBXFileReference; lastKnownFileType = sourcecode.swift; path = SetAlarmTimeViewController.swift; sourceTree = "<group>"; };
		AFE1495822949390000F3253 /* MedicationListTableViewController.swift */ = {isa = PBXFileReference; lastKnownFileType = sourcecode.swift; path = MedicationListTableViewController.swift; sourceTree = "<group>"; };
		AFE1495A229493D8000F3253 /* MedicationListTableViewCell.swift */ = {isa = PBXFileReference; lastKnownFileType = sourcecode.swift; path = MedicationListTableViewCell.swift; sourceTree = "<group>"; };
		B167F26A48BC36B87FB07F20 /* Pods-PillBox.release.xcconfig */ = {isa = PBXFileReference; includeInIndex = 1; lastKnownFileType = text.xcconfig; name = "Pods-PillBox.release.xcconfig"; path = "Target Support Files/Pods-PillBox/Pods-PillBox.release.xcconfig"; sourceTree = "<group>"; };
		E53861DB4B37841CDADDC0E5 /* Pods_PillBox.framework */ = {isa = PBXFileReference; explicitFileType = wrapper.framework; includeInIndex = 0; path = Pods_PillBox.framework; sourceTree = BUILT_PRODUCTS_DIR; };
/* End PBXFileReference section */

/* Begin PBXFrameworksBuildPhase section */
		AFE14901228B5A6B000F3253 /* Frameworks */ = {
			isa = PBXFrameworksBuildPhase;
			buildActionMask = 2147483647;
			files = (
				AFE14921228CB3FF000F3253 /* CloudKit.framework in Frameworks */,
				E60A85E56AC9CE684A54BED7 /* Pods_PillBox.framework in Frameworks */,
			);
			runOnlyForDeploymentPostprocessing = 0;
		};
		AFE1492E228F16DD000F3253 /* Frameworks */ = {
			isa = PBXFrameworksBuildPhase;
			buildActionMask = 2147483647;
			files = (
			);
			runOnlyForDeploymentPostprocessing = 0;
		};
/* End PBXFrameworksBuildPhase section */

/* Begin PBXGroup section */
		4EC92D9F3435087F242BAF60 /* Pods */ = {
			isa = PBXGroup;
			children = (
				0F60CDD3425FE78F76619829 /* Pods-PillBox.debug.xcconfig */,
				B167F26A48BC36B87FB07F20 /* Pods-PillBox.release.xcconfig */,
			);
			path = Pods;
			sourceTree = "<group>";
		};
		AFE148FB228B5A6B000F3253 = {
			isa = PBXGroup;
			children = (
				AFE14906228B5A6B000F3253 /* PillBox */,
				AFE14932228F16DD000F3253 /* NotificationService */,
				AFE14905228B5A6B000F3253 /* Products */,
				AFE1491F228CB3FF000F3253 /* Frameworks */,
				4EC92D9F3435087F242BAF60 /* Pods */,
			);
			sourceTree = "<group>";
		};
		AFE14905228B5A6B000F3253 /* Products */ = {
			isa = PBXGroup;
			children = (
				AFE14904228B5A6B000F3253 /* PillBox.app */,
				AFE14931228F16DD000F3253 /* NotificationService.appex */,
			);
			name = Products;
			sourceTree = "<group>";
		};
		AFE14906228B5A6B000F3253 /* PillBox */ = {
			isa = PBXGroup;
			children = (
				AFE1494C22931680000F3253 /* Alarm */,
				AFE1494A2293138F000F3253 /* Scheduler.swift */,
				AFE1492C228E000D000F3253 /* PillBox.entitlements */,
				AFE1491D228CAC1F000F3253 /* Models */,
				AFE14924228CC5DE000F3253 /* Model Controllers */,
				AFE1492B228DD927000F3253 /* View Controllers */,
				AFE1491A228CAA96000F3253 /* Storyboard */,
				AFE14919228CAA87000F3253 /* Resources */,
			);
			path = PillBox;
			sourceTree = "<group>";
		};
		AFE14919228CAA87000F3253 /* Resources */ = {
			isa = PBXGroup;
			children = (
				AFE14907228B5A6B000F3253 /* AppDelegate.swift */,
				AFE1490E228B5A70000F3253 /* Assets.xcassets */,
				AFE14910228B5A70000F3253 /* LaunchScreen.storyboard */,
				AFE14913228B5A70000F3253 /* Info.plist */,
			);
			path = Resources;
			sourceTree = "<group>";
		};
		AFE1491A228CAA96000F3253 /* Storyboard */ = {
			isa = PBXGroup;
			children = (
				AFE1490B228B5A6B000F3253 /* Main.storyboard */,
			);
			path = Storyboard;
			sourceTree = "<group>";
		};
		AFE1491D228CAC1F000F3253 /* Models */ = {
			isa = PBXGroup;
			children = (
				AFE1491E228CB3FD000F3253 /* PillBox.entitlements */,
				AFE1491B228CAAA6000F3253 /* User.swift */,
				AFE14925228CCCAE000F3253 /* Medication.swift */,
				AFE1493F228F4CBE000F3253 /* Alarm.swift */,
			);
			path = Models;
			sourceTree = "<group>";
		};
		AFE1491F228CB3FF000F3253 /* Frameworks */ = {
			isa = PBXGroup;
			children = (
				AFE14920228CB3FF000F3253 /* CloudKit.framework */,
				E53861DB4B37841CDADDC0E5 /* Pods_PillBox.framework */,
			);
			name = Frameworks;
			sourceTree = "<group>";
		};
		AFE14924228CC5DE000F3253 /* Model Controllers */ = {
			isa = PBXGroup;
			children = (
				AFE14922228CC5D9000F3253 /* UserController.swift */,
				AFE14927228CD265000F3253 /* MedicationController.swift */,
				AFE1494E22932214000F3253 /* AlarmController.swift */,
			);
			path = "Model Controllers";
			sourceTree = "<group>";
		};
		AFE1492B228DD927000F3253 /* View Controllers */ = {
			isa = PBXGroup;
			children = (
				AFE14929228DD911000F3253 /* SignUpViewController.swift */,
				AFE1495222934BE9000F3253 /* MedicationDetailViewController.swift */,
				AFE14954229350C2000F3253 /* SwitchTableViewCell.swift */,
				AFE1495622935731000F3253 /* SetAlarmTimeViewController.swift */,
				AFE1495822949390000F3253 /* MedicationListTableViewController.swift */,
				AFE1495A229493D8000F3253 /* MedicationListTableViewCell.swift */,
			);
			path = "View Controllers";
			sourceTree = "<group>";
		};
		AFE14932228F16DD000F3253 /* NotificationService */ = {
			isa = PBXGroup;
			children = (
				AFE14933228F16DD000F3253 /* NotificationService.swift */,
				AFE14935228F16DD000F3253 /* Info.plist */,
			);
			path = NotificationService;
			sourceTree = "<group>";
		};
		AFE149492292F98B000F3253 /* Alarm Protocols */ = {
			isa = PBXGroup;
			children = (
				AFE14941228F4DA2000F3253 /* PropertyReflectable.swift */,
				AFE149432292F79F000F3253 /* Persistable.swift */,
				AFE149452292F7D3000F3253 /* AlarmApplicationDelegate.swift */,
				AFE149472292F803000F3253 /* AlarmSchedulerDelegate.swift */,
			);
			path = "Alarm Protocols";
			sourceTree = "<group>";
		};
		AFE1494C22931680000F3253 /* Alarm */ = {
			isa = PBXGroup;
			children = (
				AFE149492292F98B000F3253 /* Alarm Protocols */,
			);
			path = Alarm;
			sourceTree = "<group>";
		};
/* End PBXGroup section */

/* Begin PBXNativeTarget section */
		AFE14903228B5A6B000F3253 /* PillBox */ = {
			isa = PBXNativeTarget;
			buildConfigurationList = AFE14916228B5A70000F3253 /* Build configuration list for PBXNativeTarget "PillBox" */;
			buildPhases = (
				52F89F975A457EDEFBC16CE1 /* [CP] Check Pods Manifest.lock */,
				AFE14900228B5A6B000F3253 /* Sources */,
				AFE14901228B5A6B000F3253 /* Frameworks */,
				AFE14902228B5A6B000F3253 /* Resources */,
				6B8C3BB171A849A4544D8A8F /* [CP] Embed Pods Frameworks */,
				AFE1493C228F16DD000F3253 /* Embed App Extensions */,
			);
			buildRules = (
			);
			dependencies = (
				AFE14937228F16DD000F3253 /* PBXTargetDependency */,
			);
			name = PillBox;
			productName = PillBox;
			productReference = AFE14904228B5A6B000F3253 /* PillBox.app */;
			productType = "com.apple.product-type.application";
		};
		AFE14930228F16DD000F3253 /* NotificationService */ = {
			isa = PBXNativeTarget;
			buildConfigurationList = AFE1493B228F16DD000F3253 /* Build configuration list for PBXNativeTarget "NotificationService" */;
			buildPhases = (
				AFE1492D228F16DD000F3253 /* Sources */,
				AFE1492E228F16DD000F3253 /* Frameworks */,
				AFE1492F228F16DD000F3253 /* Resources */,
			);
			buildRules = (
			);
			dependencies = (
			);
			name = NotificationService;
			productName = NotificationService;
			productReference = AFE14931228F16DD000F3253 /* NotificationService.appex */;
			productType = "com.apple.product-type.app-extension";
		};
/* End PBXNativeTarget section */

/* Begin PBXProject section */
		AFE148FC228B5A6B000F3253 /* Project object */ = {
			isa = PBXProject;
			attributes = {
				LastSwiftUpdateCheck = 1020;
				LastUpgradeCheck = 1020;
				ORGANIZATIONNAME = "Hannah Hoff";
				TargetAttributes = {
					AFE14903228B5A6B000F3253 = {
						CreatedOnToolsVersion = 10.2.1;
						SystemCapabilities = {
							com.apple.BackgroundModes = {
								enabled = 1;
							};
							com.apple.Push = {
								enabled = 1;
							};
							com.apple.iCloud = {
								enabled = 1;
							};
						};
					};
					AFE14930228F16DD000F3253 = {
						CreatedOnToolsVersion = 10.2.1;
					};
				};
			};
			buildConfigurationList = AFE148FF228B5A6B000F3253 /* Build configuration list for PBXProject "PillBox" */;
			compatibilityVersion = "Xcode 9.3";
			developmentRegion = en;
			hasScannedForEncodings = 0;
			knownRegions = (
				en,
				Base,
			);
			mainGroup = AFE148FB228B5A6B000F3253;
			productRefGroup = AFE14905228B5A6B000F3253 /* Products */;
			projectDirPath = "";
			projectRoot = "";
			targets = (
				AFE14903228B5A6B000F3253 /* PillBox */,
				AFE14930228F16DD000F3253 /* NotificationService */,
			);
		};
/* End PBXProject section */

/* Begin PBXResourcesBuildPhase section */
		AFE14902228B5A6B000F3253 /* Resources */ = {
			isa = PBXResourcesBuildPhase;
			buildActionMask = 2147483647;
			files = (
				AFE14912228B5A70000F3253 /* LaunchScreen.storyboard in Resources */,
				AFE1490F228B5A70000F3253 /* Assets.xcassets in Resources */,
				AFE1490D228B5A6B000F3253 /* Main.storyboard in Resources */,
			);
			runOnlyForDeploymentPostprocessing = 0;
		};
		AFE1492F228F16DD000F3253 /* Resources */ = {
			isa = PBXResourcesBuildPhase;
			buildActionMask = 2147483647;
			files = (
			);
			runOnlyForDeploymentPostprocessing = 0;
		};
/* End PBXResourcesBuildPhase section */

/* Begin PBXShellScriptBuildPhase section */
		52F89F975A457EDEFBC16CE1 /* [CP] Check Pods Manifest.lock */ = {
			isa = PBXShellScriptBuildPhase;
			buildActionMask = 2147483647;
			files = (
			);
			inputFileListPaths = (
			);
			inputPaths = (
				"${PODS_PODFILE_DIR_PATH}/Podfile.lock",
				"${PODS_ROOT}/Manifest.lock",
			);
			name = "[CP] Check Pods Manifest.lock";
			outputFileListPaths = (
			);
			outputPaths = (
				"$(DERIVED_FILE_DIR)/Pods-PillBox-checkManifestLockResult.txt",
			);
			runOnlyForDeploymentPostprocessing = 0;
			shellPath = /bin/sh;
			shellScript = "diff \"${PODS_PODFILE_DIR_PATH}/Podfile.lock\" \"${PODS_ROOT}/Manifest.lock\" > /dev/null\nif [ $? != 0 ] ; then\n    # print error to STDERR\n    echo \"error: The sandbox is not in sync with the Podfile.lock. Run 'pod install' or update your CocoaPods installation.\" >&2\n    exit 1\nfi\n# This output is used by Xcode 'outputs' to avoid re-running this script phase.\necho \"SUCCESS\" > \"${SCRIPT_OUTPUT_FILE_0}\"\n";
			showEnvVarsInLog = 0;
		};
		6B8C3BB171A849A4544D8A8F /* [CP] Embed Pods Frameworks */ = {
			isa = PBXShellScriptBuildPhase;
			buildActionMask = 2147483647;
			files = (
			);
			inputFileListPaths = (
			);
			inputPaths = (
				"${PODS_ROOT}/Target Support Files/Pods-PillBox/Pods-PillBox-frameworks.sh",
				"${BUILT_PRODUCTS_DIR}/Bolts/Bolts.framework",
				"${BUILT_PRODUCTS_DIR}/NWPusher/NWPusher.framework",
				"${BUILT_PRODUCTS_DIR}/Parse/Parse.framework",
			);
			name = "[CP] Embed Pods Frameworks";
			outputFileListPaths = (
			);
			outputPaths = (
				"${TARGET_BUILD_DIR}/${FRAMEWORKS_FOLDER_PATH}/Bolts.framework",
				"${TARGET_BUILD_DIR}/${FRAMEWORKS_FOLDER_PATH}/NWPusher.framework",
				"${TARGET_BUILD_DIR}/${FRAMEWORKS_FOLDER_PATH}/Parse.framework",
			);
			runOnlyForDeploymentPostprocessing = 0;
			shellPath = /bin/sh;
			shellScript = "\"${PODS_ROOT}/Target Support Files/Pods-PillBox/Pods-PillBox-frameworks.sh\"\n";
			showEnvVarsInLog = 0;
		};
/* End PBXShellScriptBuildPhase section */

/* Begin PBXSourcesBuildPhase section */
		AFE14900228B5A6B000F3253 /* Sources */ = {
			isa = PBXSourcesBuildPhase;
			buildActionMask = 2147483647;
			files = (
				AFE1495322934BE9000F3253 /* MedicationDetailViewController.swift in Sources */,
				AFE149442292F79F000F3253 /* Persistable.swift in Sources */,
				AFE14955229350C2000F3253 /* SwitchTableViewCell.swift in Sources */,
				AFE149462292F7D3000F3253 /* AlarmApplicationDelegate.swift in Sources */,
				AFE1495722935731000F3253 /* SetAlarmTimeViewController.swift in Sources */,
				AFE1492A228DD911000F3253 /* SignUpViewController.swift in Sources */,
				AFE14926228CCCAE000F3253 /* Medication.swift in Sources */,
				AFE14942228F4DA2000F3253 /* PropertyReflectable.swift in Sources */,
				AFE1494F22932214000F3253 /* AlarmController.swift in Sources */,
				AFE14923228CC5D9000F3253 /* UserController.swift in Sources */,
				AFE1491C228CAAA6000F3253 /* User.swift in Sources */,
				AFE14928228CD265000F3253 /* MedicationController.swift in Sources */,
				AFE1495B229493D8000F3253 /* MedicationListTableViewCell.swift in Sources */,
				AFE149482292F803000F3253 /* AlarmSchedulerDelegate.swift in Sources */,
				AFE1494B2293138F000F3253 /* Scheduler.swift in Sources */,
				AFE14940228F4CBE000F3253 /* Alarm.swift in Sources */,
				AFE1495922949390000F3253 /* MedicationListTableViewController.swift in Sources */,
				AFE14908228B5A6B000F3253 /* AppDelegate.swift in Sources */,
			);
			runOnlyForDeploymentPostprocessing = 0;
		};
		AFE1492D228F16DD000F3253 /* Sources */ = {
			isa = PBXSourcesBuildPhase;
			buildActionMask = 2147483647;
			files = (
				AFE14934228F16DD000F3253 /* NotificationService.swift in Sources */,
			);
			runOnlyForDeploymentPostprocessing = 0;
		};
/* End PBXSourcesBuildPhase section */

/* Begin PBXTargetDependency section */
		AFE14937228F16DD000F3253 /* PBXTargetDependency */ = {
			isa = PBXTargetDependency;
			target = AFE14930228F16DD000F3253 /* NotificationService */;
			targetProxy = AFE14936228F16DD000F3253 /* PBXContainerItemProxy */;
		};
/* End PBXTargetDependency section */

/* Begin PBXVariantGroup section */
		AFE1490B228B5A6B000F3253 /* Main.storyboard */ = {
			isa = PBXVariantGroup;
			children = (
				AFE1490C228B5A6B000F3253 /* Base */,
			);
			name = Main.storyboard;
			sourceTree = "<group>";
		};
		AFE14910228B5A70000F3253 /* LaunchScreen.storyboard */ = {
			isa = PBXVariantGroup;
			children = (
				AFE14911228B5A70000F3253 /* Base */,
			);
			name = LaunchScreen.storyboard;
			sourceTree = "<group>";
		};
/* End PBXVariantGroup section */

/* Begin XCBuildConfiguration section */
		AFE14914228B5A70000F3253 /* Debug */ = {
			isa = XCBuildConfiguration;
			buildSettings = {
				ALWAYS_SEARCH_USER_PATHS = NO;
				CLANG_ANALYZER_NONNULL = YES;
				CLANG_ANALYZER_NUMBER_OBJECT_CONVERSION = YES_AGGRESSIVE;
				CLANG_CXX_LANGUAGE_STANDARD = "gnu++14";
				CLANG_CXX_LIBRARY = "libc++";
				CLANG_ENABLE_MODULES = YES;
				CLANG_ENABLE_OBJC_ARC = YES;
				CLANG_ENABLE_OBJC_WEAK = YES;
				CLANG_WARN_BLOCK_CAPTURE_AUTORELEASING = YES;
				CLANG_WARN_BOOL_CONVERSION = YES;
				CLANG_WARN_COMMA = YES;
				CLANG_WARN_CONSTANT_CONVERSION = YES;
				CLANG_WARN_DEPRECATED_OBJC_IMPLEMENTATIONS = YES;
				CLANG_WARN_DIRECT_OBJC_ISA_USAGE = YES_ERROR;
				CLANG_WARN_DOCUMENTATION_COMMENTS = YES;
				CLANG_WARN_EMPTY_BODY = YES;
				CLANG_WARN_ENUM_CONVERSION = YES;
				CLANG_WARN_INFINITE_RECURSION = YES;
				CLANG_WARN_INT_CONVERSION = YES;
				CLANG_WARN_NON_LITERAL_NULL_CONVERSION = YES;
				CLANG_WARN_OBJC_IMPLICIT_RETAIN_SELF = YES;
				CLANG_WARN_OBJC_LITERAL_CONVERSION = YES;
				CLANG_WARN_OBJC_ROOT_CLASS = YES_ERROR;
				CLANG_WARN_RANGE_LOOP_ANALYSIS = YES;
				CLANG_WARN_STRICT_PROTOTYPES = YES;
				CLANG_WARN_SUSPICIOUS_MOVE = YES;
				CLANG_WARN_UNGUARDED_AVAILABILITY = YES_AGGRESSIVE;
				CLANG_WARN_UNREACHABLE_CODE = YES;
				CLANG_WARN__DUPLICATE_METHOD_MATCH = YES;
				CODE_SIGN_IDENTITY = "iPhone Developer";
				COPY_PHASE_STRIP = NO;
				DEBUG_INFORMATION_FORMAT = dwarf;
				ENABLE_STRICT_OBJC_MSGSEND = YES;
				ENABLE_TESTABILITY = YES;
				GCC_C_LANGUAGE_STANDARD = gnu11;
				GCC_DYNAMIC_NO_PIC = NO;
				GCC_NO_COMMON_BLOCKS = YES;
				GCC_OPTIMIZATION_LEVEL = 0;
				GCC_PREPROCESSOR_DEFINITIONS = (
					"DEBUG=1",
					"$(inherited)",
				);
				GCC_WARN_64_TO_32_BIT_CONVERSION = YES;
				GCC_WARN_ABOUT_RETURN_TYPE = YES_ERROR;
				GCC_WARN_UNDECLARED_SELECTOR = YES;
				GCC_WARN_UNINITIALIZED_AUTOS = YES_AGGRESSIVE;
				GCC_WARN_UNUSED_FUNCTION = YES;
				GCC_WARN_UNUSED_VARIABLE = YES;
				IPHONEOS_DEPLOYMENT_TARGET = 12.2;
				MTL_ENABLE_DEBUG_INFO = INCLUDE_SOURCE;
				MTL_FAST_MATH = YES;
				ONLY_ACTIVE_ARCH = YES;
				SDKROOT = iphoneos;
				SWIFT_ACTIVE_COMPILATION_CONDITIONS = DEBUG;
				SWIFT_OPTIMIZATION_LEVEL = "-Onone";
			};
			name = Debug;
		};
		AFE14915228B5A70000F3253 /* Release */ = {
			isa = XCBuildConfiguration;
			buildSettings = {
				ALWAYS_SEARCH_USER_PATHS = NO;
				CLANG_ANALYZER_NONNULL = YES;
				CLANG_ANALYZER_NUMBER_OBJECT_CONVERSION = YES_AGGRESSIVE;
				CLANG_CXX_LANGUAGE_STANDARD = "gnu++14";
				CLANG_CXX_LIBRARY = "libc++";
				CLANG_ENABLE_MODULES = YES;
				CLANG_ENABLE_OBJC_ARC = YES;
				CLANG_ENABLE_OBJC_WEAK = YES;
				CLANG_WARN_BLOCK_CAPTURE_AUTORELEASING = YES;
				CLANG_WARN_BOOL_CONVERSION = YES;
				CLANG_WARN_COMMA = YES;
				CLANG_WARN_CONSTANT_CONVERSION = YES;
				CLANG_WARN_DEPRECATED_OBJC_IMPLEMENTATIONS = YES;
				CLANG_WARN_DIRECT_OBJC_ISA_USAGE = YES_ERROR;
				CLANG_WARN_DOCUMENTATION_COMMENTS = YES;
				CLANG_WARN_EMPTY_BODY = YES;
				CLANG_WARN_ENUM_CONVERSION = YES;
				CLANG_WARN_INFINITE_RECURSION = YES;
				CLANG_WARN_INT_CONVERSION = YES;
				CLANG_WARN_NON_LITERAL_NULL_CONVERSION = YES;
				CLANG_WARN_OBJC_IMPLICIT_RETAIN_SELF = YES;
				CLANG_WARN_OBJC_LITERAL_CONVERSION = YES;
				CLANG_WARN_OBJC_ROOT_CLASS = YES_ERROR;
				CLANG_WARN_RANGE_LOOP_ANALYSIS = YES;
				CLANG_WARN_STRICT_PROTOTYPES = YES;
				CLANG_WARN_SUSPICIOUS_MOVE = YES;
				CLANG_WARN_UNGUARDED_AVAILABILITY = YES_AGGRESSIVE;
				CLANG_WARN_UNREACHABLE_CODE = YES;
				CLANG_WARN__DUPLICATE_METHOD_MATCH = YES;
				CODE_SIGN_IDENTITY = "iPhone Developer";
				COPY_PHASE_STRIP = NO;
				DEBUG_INFORMATION_FORMAT = "dwarf-with-dsym";
				ENABLE_NS_ASSERTIONS = NO;
				ENABLE_STRICT_OBJC_MSGSEND = YES;
				GCC_C_LANGUAGE_STANDARD = gnu11;
				GCC_NO_COMMON_BLOCKS = YES;
				GCC_WARN_64_TO_32_BIT_CONVERSION = YES;
				GCC_WARN_ABOUT_RETURN_TYPE = YES_ERROR;
				GCC_WARN_UNDECLARED_SELECTOR = YES;
				GCC_WARN_UNINITIALIZED_AUTOS = YES_AGGRESSIVE;
				GCC_WARN_UNUSED_FUNCTION = YES;
				GCC_WARN_UNUSED_VARIABLE = YES;
				IPHONEOS_DEPLOYMENT_TARGET = 12.2;
				MTL_ENABLE_DEBUG_INFO = NO;
				MTL_FAST_MATH = YES;
				SDKROOT = iphoneos;
				SWIFT_COMPILATION_MODE = wholemodule;
				SWIFT_OPTIMIZATION_LEVEL = "-O";
				VALIDATE_PRODUCT = YES;
			};
			name = Release;
		};
		AFE14917228B5A70000F3253 /* Debug */ = {
			isa = XCBuildConfiguration;
			baseConfigurationReference = 0F60CDD3425FE78F76619829 /* Pods-PillBox.debug.xcconfig */;
			buildSettings = {
				ALWAYS_EMBED_SWIFT_STANDARD_LIBRARIES = YES;
				ASSETCATALOG_COMPILER_APPICON_NAME = AppIcon;
				CODE_SIGN_ENTITLEMENTS = PillBox/PillBox.entitlements;
				CODE_SIGN_STYLE = Automatic;
				DEVELOPMENT_TEAM = L5VMA54SBQ;
				INFOPLIST_FILE = "$(SRCROOT)/PillBox/Resources/Info.plist";
				LD_RUNPATH_SEARCH_PATHS = (
					"$(inherited)",
					"@executable_path/Frameworks",
				);
				PRODUCT_BUNDLE_IDENTIFIER = com.hannahhoff.PillBox;
				PRODUCT_NAME = "$(TARGET_NAME)";
				SWIFT_VERSION = 5.0;
				TARGETED_DEVICE_FAMILY = "1,2";
			};
			name = Debug;
		};
		AFE14918228B5A70000F3253 /* Release */ = {
			isa = XCBuildConfiguration;
			baseConfigurationReference = B167F26A48BC36B87FB07F20 /* Pods-PillBox.release.xcconfig */;
			buildSettings = {
				ALWAYS_EMBED_SWIFT_STANDARD_LIBRARIES = YES;
				ASSETCATALOG_COMPILER_APPICON_NAME = AppIcon;
				CODE_SIGN_ENTITLEMENTS = PillBox/PillBox.entitlements;
				CODE_SIGN_STYLE = Automatic;
				DEVELOPMENT_TEAM = L5VMA54SBQ;
				INFOPLIST_FILE = "$(SRCROOT)/PillBox/Resources/Info.plist";
				LD_RUNPATH_SEARCH_PATHS = (
					"$(inherited)",
					"@executable_path/Frameworks",
				);
				PRODUCT_BUNDLE_IDENTIFIER = com.hannahhoff.PillBox;
				PRODUCT_NAME = "$(TARGET_NAME)";
				SWIFT_VERSION = 5.0;
				TARGETED_DEVICE_FAMILY = "1,2";
			};
			name = Release;
		};
		AFE14939228F16DD000F3253 /* Debug */ = {
			isa = XCBuildConfiguration;
			buildSettings = {
				CODE_SIGN_STYLE = Automatic;
				DEVELOPMENT_TEAM = L5VMA54SBQ;
				INFOPLIST_FILE = NotificationService/Info.plist;
				LD_RUNPATH_SEARCH_PATHS = (
					"$(inherited)",
					"@executable_path/Frameworks",
					"@executable_path/../../Frameworks",
				);
				PRODUCT_BUNDLE_IDENTIFIER = com.hannahhoff.PillBox.NotificationService;
				PRODUCT_NAME = "$(TARGET_NAME)";
				SKIP_INSTALL = YES;
				SWIFT_VERSION = 5.0;
				TARGETED_DEVICE_FAMILY = "1,2";
			};
			name = Debug;
		};
		AFE1493A228F16DD000F3253 /* Release */ = {
			isa = XCBuildConfiguration;
			buildSettings = {
				CODE_SIGN_STYLE = Automatic;
				DEVELOPMENT_TEAM = L5VMA54SBQ;
				INFOPLIST_FILE = NotificationService/Info.plist;
				LD_RUNPATH_SEARCH_PATHS = (
					"$(inherited)",
					"@executable_path/Frameworks",
					"@executable_path/../../Frameworks",
				);
				PRODUCT_BUNDLE_IDENTIFIER = com.hannahhoff.PillBox.NotificationService;
				PRODUCT_NAME = "$(TARGET_NAME)";
				SKIP_INSTALL = YES;
				SWIFT_VERSION = 5.0;
				TARGETED_DEVICE_FAMILY = "1,2";
			};
			name = Release;
		};
/* End XCBuildConfiguration section */

/* Begin XCConfigurationList section */
		AFE148FF228B5A6B000F3253 /* Build configuration list for PBXProject "PillBox" */ = {
			isa = XCConfigurationList;
			buildConfigurations = (
				AFE14914228B5A70000F3253 /* Debug */,
				AFE14915228B5A70000F3253 /* Release */,
			);
			defaultConfigurationIsVisible = 0;
			defaultConfigurationName = Release;
		};
		AFE14916228B5A70000F3253 /* Build configuration list for PBXNativeTarget "PillBox" */ = {
			isa = XCConfigurationList;
			buildConfigurations = (
				AFE14917228B5A70000F3253 /* Debug */,
				AFE14918228B5A70000F3253 /* Release */,
			);
			defaultConfigurationIsVisible = 0;
			defaultConfigurationName = Release;
		};
		AFE1493B228F16DD000F3253 /* Build configuration list for PBXNativeTarget "NotificationService" */ = {
			isa = XCConfigurationList;
			buildConfigurations = (
				AFE14939228F16DD000F3253 /* Debug */,
				AFE1493A228F16DD000F3253 /* Release */,
			);
			defaultConfigurationIsVisible = 0;
			defaultConfigurationName = Release;
		};
/* End XCConfigurationList section */
	};
	rootObject = AFE148FC228B5A6B000F3253 /* Project object */;
}
